
Microsoft Visual Studio Solution File, Format Version 12.00
# Visual Studio Version 16
VisualStudioVersion = 16.0.29326.143
MinimumVisualStudioVersion = 10.0.40219.1
Project("{FAE04EC0-301F-11D3-BF4B-00C04F79EFBC}") = "GreatLakesAlliance", "GreatLakesAlliance\GreatLakesAlliance.csproj", "{82876620-6B77-4976-B459-64BBD10E0413}"
EndProject
Project("{00D1A9C2-B5F0-4AF3-8072-F6C62B433612}") = "GLADatabase", "GLADatabase\GLADatabase.sqlproj", "{8DB0906B-2A01-4FE1-8712-6A62770CE6A5}"
EndProject
Global
	GlobalSection(SolutionConfigurationPlatforms) = preSolution
		Debug|Any CPU = Debug|Any CPU
		Release|Any CPU = Release|Any CPU
	EndGlobalSection
	GlobalSection(ProjectConfigurationPlatforms) = postSolution
		{82876620-6B77-4976-B459-64BBD10E0413}.Debug|Any CPU.ActiveCfg = Debug|Any CPU
		{82876620-6B77-4976-B459-64BBD10E0413}.Debug|Any CPU.Build.0 = Debug|Any CPU
		{82876620-6B77-4976-B459-64BBD10E0413}.Release|Any CPU.ActiveCfg = Release|Any CPU
		{82876620-6B77-4976-B459-64BBD10E0413}.Release|Any CPU.Build.0 = Release|Any CPU
		{8DB0906B-2A01-4FE1-8712-6A62770CE6A5}.Debug|Any CPU.ActiveCfg = Debug|Any CPU
		{8DB0906B-2A01-4FE1-8712-6A62770CE6A5}.Debug|Any CPU.Build.0 = Debug|Any CPU
		{8DB0906B-2A01-4FE1-8712-6A62770CE6A5}.Debug|Any CPU.Deploy.0 = Debug|Any CPU
		{8DB0906B-2A01-4FE1-8712-6A62770CE6A5}.Release|Any CPU.ActiveCfg = Release|Any CPU
		{8DB0906B-2A01-4FE1-8712-6A62770CE6A5}.Release|Any CPU.Build.0 = Release|Any CPU
		{8DB0906B-2A01-4FE1-8712-6A62770CE6A5}.Release|Any CPU.Deploy.0 = Release|Any CPU
	EndGlobalSection
	GlobalSection(SolutionProperties) = preSolution
		HideSolutionNode = FALSE
	EndGlobalSection
	GlobalSection(ExtensibilityGlobals) = postSolution
		SolutionGuid = {DBEFA199-0114-4CB1-B64B-0557835AF58C}
	EndGlobalSection
EndGlobal
